<?xml version="1.0" encoding="utf-8"?>
<Project ToolsVersion="4.0" xmlns="http://schemas.microsoft.com/developer/msbuild/2003">
  <ItemGroup>
    <ClCompile Include="RunAllTests.cpp" />
    <ClCompile Include="AsianTest.cpp">
      <Filter>Utility\Payoff</Filter>
    </ClCompile>
    <ClCompile Include="EuropeanTest.cpp">
      <Filter>Utility\Payoff</Filter>
    </ClCompile>
    <ClCompile Include="RussianTest.cpp">
      <Filter>Utility\Payoff</Filter>
    </ClCompile>
    <ClCompile Include="UtilityTest.cpp">
      <Filter>Utility</Filter>
    </ClCompile>
    <ClCompile Include="RussianMonteCarloTest.cpp">
      <Filter>Pricers\Monte Carlo</Filter>
    </ClCompile>
    <ClCompile Include="AsianMonteCarloTest.cpp">
      <Filter>Pricers\Monte Carlo</Filter>
    </ClCompile>
    <ClCompile Include="EuropeanMonteCarloTest.cpp">
      <Filter>Pricers\Monte Carlo</Filter>
    </ClCompile>
    <ClCompile Include="AmericanBinomialTest.cpp">
      <Filter>Pricers\Binomial</Filter>
    </ClCompile>
  </ItemGroup>
  <ItemGroup>
    <None Include="packages.config" />
  </ItemGroup>
  <ItemGroup>
    <Filter Include="Utility">
      <UniqueIdentifier>{c9c41611-6cb6-4274-beba-9f29d0227157}</UniqueIdentifier>
    </Filter>
    <Filter Include="Utility\Payoff">
      <UniqueIdentifier>{ce0347b4-8865-4431-9e07-deba5038c100}</UniqueIdentifier>
    </Filter>
    <Filter Include="Pricers">
      <UniqueIdentifier>{69d767af-06d0-462b-bdd6-ce1bd7a7d9f1}</UniqueIdentifier>
    </Filter>
    <Filter Include="Pricers\Monte Carlo">
      <UniqueIdentifier>{11189dfc-3a08-42f2-9eef-83a10a3574df}</UniqueIdentifier>
    </Filter>
    <Filter Include="Pricers\Binomial">
      <UniqueIdentifier>{5551dc27-9fd6-4009-9b3c-8cbab1330f73}</UniqueIdentifier>
    </Filter>
  </ItemGroup>
  <ItemGroup>
    <ClInclude Include="Constants.h" />
  </ItemGroup>
</Project>