<?xml version="1.0" encoding="utf-8"?>
<Project ToolsVersion="4.0" xmlns="http://schemas.microsoft.com/developer/msbuild/2003">
  <ItemGroup>
    <Filter Include="Source Files">
      <UniqueIdentifier>{4FC737F1-C7A5-4376-A066-2A32D752A2FF}</UniqueIdentifier>
      <Extensions>cpp;c;cc;cxx;c++;cppm;ixx;def;odl;idl;hpj;bat;asm;asmx</Extensions>
    </Filter>
    <Filter Include="Header Files">
      <UniqueIdentifier>{93995380-89BD-4b04-88EB-625FBE52EBFB}</UniqueIdentifier>
      <Extensions>h;hh;hpp;hxx;h++;hm;inl;inc;ipp;xsd</Extensions>
    </Filter>
    <Filter Include="Resource Files">
      <UniqueIdentifier>{67DA6AB6-F800-4c08-8B7A-83BB121AAD01}</UniqueIdentifier>
      <Extensions>rc;ico;cur;bmp;dlg;rc2;rct;bin;rgs;gif;jpg;jpeg;jpe;resx;tiff;tif;png;wav;mfcribbon-ms</Extensions>
    </Filter>
    <Filter Include="Source Files\Utility">
      <UniqueIdentifier>{60eac621-46d0-4cd2-8fd3-0b92b01b9d29}</UniqueIdentifier>
    </Filter>
    <Filter Include="Header Files\Utility">
      <UniqueIdentifier>{599c682a-905e-4f76-a28b-b767f9c04015}</UniqueIdentifier>
    </Filter>
    <Filter Include="Header Files\Utility\Payoff">
      <UniqueIdentifier>{1c45900e-b11e-4731-8833-532be643b661}</UniqueIdentifier>
    </Filter>
    <Filter Include="Source Files\Utility\Payoff">
      <UniqueIdentifier>{adf41519-c9a7-4e26-a031-7b288e2bb6bc}</UniqueIdentifier>
    </Filter>
  </ItemGroup>
  <ItemGroup>
    <ClInclude Include="Asset.h">
      <Filter>Header Files</Filter>
    </ClInclude>
    <ClInclude Include="Price.h">
      <Filter>Header Files</Filter>
    </ClInclude>
    <ClInclude Include="PriceError.h">
      <Filter>Header Files</Filter>
    </ClInclude>
    <ClInclude Include="Portfolio.h">
      <Filter>Header Files</Filter>
    </ClInclude>
    <ClInclude Include="CudaNormalDistributor.h">
      <Filter>Header Files</Filter>
    </ClInclude>
    <ClInclude Include="Brownian_Motion.h">
      <Filter>Header Files\Utility</Filter>
    </ClInclude>
    <ClInclude Include="Monte_Carlo.hpp">
      <Filter>Header Files</Filter>
    </ClInclude>
    <ClInclude Include="Utility.h">
      <Filter>Header Files</Filter>
    </ClInclude>
    <ClInclude Include="Asian.hpp">
      <Filter>Header Files\Utility\Payoff</Filter>
    </ClInclude>
  </ItemGroup>
  <ItemGroup>
    <ClCompile Include="Brownian_Motion.cpp">
      <Filter>Source Files\Utility</Filter>
    </ClCompile>
    <ClCompile Include="Monte_Carlo.cpp">
      <Filter>Source Files</Filter>
    </ClCompile>
    <ClCompile Include="Asset.cpp">
      <Filter>Source Files</Filter>
    </ClCompile>
    <ClCompile Include="Price.cpp">
      <Filter>Source Files</Filter>
    </ClCompile>
    <ClCompile Include="PriceError.cpp">
      <Filter>Source Files</Filter>
    </ClCompile>
    <ClCompile Include="Portfolio.cpp">
      <Filter>Source Files</Filter>
    </ClCompile>
    <ClCompile Include="CudaNormalDistributor.cpp">
      <Filter>Source Files</Filter>
    </ClCompile>
    <ClCompile Include="Asian.cpp">
      <Filter>Source Files\Utility\Payoff</Filter>
    </ClCompile>
    <ClCompile Include="European.cpp">
      <Filter>Source Files\Utility\Payoff</Filter>
    </ClCompile>
    <ClCompile Include="Russian.cpp">
      <Filter>Source Files\Utility\Payoff</Filter>
    </ClCompile>
    <ClCompile Include="Utility.cpp">
      <Filter>Source Files</Filter>
    </ClCompile>
  </ItemGroup>
  <ItemGroup>
    <None Include="packages.config" />
    <None Include="European.hpp">
      <Filter>Header Files\Utility\Payoff</Filter>
    </None>
    <None Include="Russian.hpp">
      <Filter>Header Files\Utility\Payoff</Filter>
    </None>
  </ItemGroup>
</Project>